
Microsoft Visual Studio Solution File, Format Version 12.00
# Visual Studio 14
VisualStudioVersion = 14.0.24720.0
MinimumVisualStudioVersion = 10.0.40219.1
Project("{FAE04EC0-301F-11D3-BF4B-00C04F79EFBC}") = "[LittlePony]ListOfUsers.UI.Console", "[LittlePony]ListOfUsers.UI.Console\[LittlePony]ListOfUsers.UI.Console.csproj", "{9DC74A93-60B8-4003-B97D-6C1293E344C7}"
EndProject
Project("{2150E333-8FDC-42A3-9474-1A3956D46DE8}") = "PL", "PL", "{27034FA7-7093-4323-B11A-97EF9A97948F}"
EndProject
Project("{2150E333-8FDC-42A3-9474-1A3956D46DE8}") = "BLL", "BLL", "{F7581B8B-E425-4C17-BA76-3D1BDF82CB60}"
EndProject
Project("{2150E333-8FDC-42A3-9474-1A3956D46DE8}") = "DAL", "DAL", "{3AFC1BAB-89F8-4824-A88E-253E6B5A531D}"
EndProject
Project("{2150E333-8FDC-42A3-9474-1A3956D46DE8}") = "Interfaceses", "Interfaceses", "{EE41BF51-A475-49DE-83AC-1E1B5A30A00C}"
EndProject
Project("{FAE04EC0-301F-11D3-BF4B-00C04F79EFBC}") = "[LittlePony]Entites", "[LittlePony]ListOfUsers.Entites\[LittlePony]Entites.csproj", "{3725879F-9E8A-477C-B735-1BEF75F83E47}"
EndProject
Project("{2150E333-8FDC-42A3-9474-1A3956D46DE8}") = "Entites", "Entites", "{2AB844A2-798F-4A78-B9C2-0716FD39BC2E}"
EndProject
Project("{FAE04EC0-301F-11D3-BF4B-00C04F79EFBC}") = "[LittlePony]Interfaces.Bll", "[LittlePony]Awards.Interfaces.Bll\[LittlePony]Interfaces.Bll.csproj", "{2D0CD0E3-476A-491A-B778-14033DC24BEF}"
EndProject
Project("{2150E333-8FDC-42A3-9474-1A3956D46DE8}") = "InterfacesBLL", "InterfacesBLL", "{D3B00229-18F2-4C5E-80B2-31760315BCE3}"
EndProject
Project("{2150E333-8FDC-42A3-9474-1A3956D46DE8}") = "InterfacesDAL", "InterfacesDAL", "{4C6AEAB2-4B01-422A-8DB5-EBE8649238A0}"
EndProject
Project("{FAE04EC0-301F-11D3-BF4B-00C04F79EFBC}") = "[LittelPony]Interfaces.DAL", "[LittelPony]Relations.Interfaces.DAL\[LittelPony]Interfaces.DAL.csproj", "{C719FBE1-E017-455C-A8BC-ED3986483D72}"
EndProject
Project("{FAE04EC0-301F-11D3-BF4B-00C04F79EFBC}") = "Logger", "Logger\Logger.csproj", "{EB8F7CC8-08E6-4D0E-AACF-011EC1F40F75}"
EndProject
Project("{FAE04EC0-301F-11D3-BF4B-00C04F79EFBC}") = "[LittlePony]ListOfUsers.ASP.NET", "[LittlePony]ListOfUsers.ASP.NET\[LittlePony]ListOfUsers.ASP.NET.csproj", "{3A87BC2A-D16B-4B3D-AC4A-9C6CD62FDE0D}"
EndProject
Project("{2150E333-8FDC-42A3-9474-1A3956D46DE8}") = "Solution Items", "Solution Items", "{1B32FD0C-D329-4227-8C1B-0F8F09E102B0}"
EndProject
Project("{FAE04EC0-301F-11D3-BF4B-00C04F79EFBC}") = "[LittlePony]DAL.DB", "[LittlePony]DAL.DB\[LittlePony]DAL.DB.csproj", "{8E0246BC-9A2C-49E9-9776-86EC5A7F1AED}"
EndProject
Project("{FAE04EC0-301F-11D3-BF4B-00C04F79EFBC}") = "[LittlePony]BLL", "ClassLibrary1\[LittlePony]BLL.csproj", "{FC753CE2-62E6-46BD-874D-3E60F64D41CD}"
EndProject
Project("{FAE04EC0-301F-11D3-BF4B-00C04F79EFBC}") = "[LittlePony]DAL", "ClassLibrary2\[LittlePony]DAL.csproj", "{80EFD590-F073-4524-8528-C2330731A969}"
EndProject
Global
	GlobalSection(SolutionConfigurationPlatforms) = preSolution
		Debug|Any CPU = Debug|Any CPU
		Release|Any CPU = Release|Any CPU
	EndGlobalSection
	GlobalSection(ProjectConfigurationPlatforms) = postSolution
		{9DC74A93-60B8-4003-B97D-6C1293E344C7}.Debug|Any CPU.ActiveCfg = Debug|Any CPU
		{9DC74A93-60B8-4003-B97D-6C1293E344C7}.Debug|Any CPU.Build.0 = Debug|Any CPU
		{9DC74A93-60B8-4003-B97D-6C1293E344C7}.Release|Any CPU.ActiveCfg = Release|Any CPU
		{9DC74A93-60B8-4003-B97D-6C1293E344C7}.Release|Any CPU.Build.0 = Release|Any CPU
		{3725879F-9E8A-477C-B735-1BEF75F83E47}.Debug|Any CPU.ActiveCfg = Debug|Any CPU
		{3725879F-9E8A-477C-B735-1BEF75F83E47}.Debug|Any CPU.Build.0 = Debug|Any CPU
		{3725879F-9E8A-477C-B735-1BEF75F83E47}.Release|Any CPU.ActiveCfg = Release|Any CPU
		{3725879F-9E8A-477C-B735-1BEF75F83E47}.Release|Any CPU.Build.0 = Release|Any CPU
		{2D0CD0E3-476A-491A-B778-14033DC24BEF}.Debug|Any CPU.ActiveCfg = Debug|Any CPU
		{2D0CD0E3-476A-491A-B778-14033DC24BEF}.Debug|Any CPU.Build.0 = Debug|Any CPU
		{2D0CD0E3-476A-491A-B778-14033DC24BEF}.Release|Any CPU.ActiveCfg = Release|Any CPU
		{2D0CD0E3-476A-491A-B778-14033DC24BEF}.Release|Any CPU.Build.0 = Release|Any CPU
		{C719FBE1-E017-455C-A8BC-ED3986483D72}.Debug|Any CPU.ActiveCfg = Debug|Any CPU
		{C719FBE1-E017-455C-A8BC-ED3986483D72}.Debug|Any CPU.Build.0 = Debug|Any CPU
		{C719FBE1-E017-455C-A8BC-ED3986483D72}.Release|Any CPU.ActiveCfg = Release|Any CPU
		{C719FBE1-E017-455C-A8BC-ED3986483D72}.Release|Any CPU.Build.0 = Release|Any CPU
		{EB8F7CC8-08E6-4D0E-AACF-011EC1F40F75}.Debug|Any CPU.ActiveCfg = Debug|Any CPU
		{EB8F7CC8-08E6-4D0E-AACF-011EC1F40F75}.Debug|Any CPU.Build.0 = Debug|Any CPU
		{EB8F7CC8-08E6-4D0E-AACF-011EC1F40F75}.Release|Any CPU.ActiveCfg = Release|Any CPU
		{EB8F7CC8-08E6-4D0E-AACF-011EC1F40F75}.Release|Any CPU.Build.0 = Release|Any CPU
		{3A87BC2A-D16B-4B3D-AC4A-9C6CD62FDE0D}.Debug|Any CPU.ActiveCfg = Debug|Any CPU
		{3A87BC2A-D16B-4B3D-AC4A-9C6CD62FDE0D}.Debug|Any CPU.Build.0 = Debug|Any CPU
		{3A87BC2A-D16B-4B3D-AC4A-9C6CD62FDE0D}.Release|Any CPU.ActiveCfg = Release|Any CPU
		{3A87BC2A-D16B-4B3D-AC4A-9C6CD62FDE0D}.Release|Any CPU.Build.0 = Release|Any CPU
		{8E0246BC-9A2C-49E9-9776-86EC5A7F1AED}.Debug|Any CPU.ActiveCfg = Debug|Any CPU
		{8E0246BC-9A2C-49E9-9776-86EC5A7F1AED}.Debug|Any CPU.Build.0 = Debug|Any CPU
		{8E0246BC-9A2C-49E9-9776-86EC5A7F1AED}.Release|Any CPU.ActiveCfg = Release|Any CPU
		{8E0246BC-9A2C-49E9-9776-86EC5A7F1AED}.Release|Any CPU.Build.0 = Release|Any CPU
		{FC753CE2-62E6-46BD-874D-3E60F64D41CD}.Debug|Any CPU.ActiveCfg = Debug|Any CPU
		{FC753CE2-62E6-46BD-874D-3E60F64D41CD}.Debug|Any CPU.Build.0 = Debug|Any CPU
		{FC753CE2-62E6-46BD-874D-3E60F64D41CD}.Release|Any CPU.ActiveCfg = Release|Any CPU
		{FC753CE2-62E6-46BD-874D-3E60F64D41CD}.Release|Any CPU.Build.0 = Release|Any CPU
		{80EFD590-F073-4524-8528-C2330731A969}.Debug|Any CPU.ActiveCfg = Debug|Any CPU
		{80EFD590-F073-4524-8528-C2330731A969}.Debug|Any CPU.Build.0 = Debug|Any CPU
		{80EFD590-F073-4524-8528-C2330731A969}.Release|Any CPU.ActiveCfg = Release|Any CPU
		{80EFD590-F073-4524-8528-C2330731A969}.Release|Any CPU.Build.0 = Release|Any CPU
	EndGlobalSection
	GlobalSection(SolutionProperties) = preSolution
		HideSolutionNode = FALSE
	EndGlobalSection
	GlobalSection(NestedProjects) = preSolution
		{9DC74A93-60B8-4003-B97D-6C1293E344C7} = {27034FA7-7093-4323-B11A-97EF9A97948F}
		{3725879F-9E8A-477C-B735-1BEF75F83E47} = {2AB844A2-798F-4A78-B9C2-0716FD39BC2E}
		{2D0CD0E3-476A-491A-B778-14033DC24BEF} = {D3B00229-18F2-4C5E-80B2-31760315BCE3}
		{D3B00229-18F2-4C5E-80B2-31760315BCE3} = {EE41BF51-A475-49DE-83AC-1E1B5A30A00C}
		{4C6AEAB2-4B01-422A-8DB5-EBE8649238A0} = {EE41BF51-A475-49DE-83AC-1E1B5A30A00C}
		{C719FBE1-E017-455C-A8BC-ED3986483D72} = {4C6AEAB2-4B01-422A-8DB5-EBE8649238A0}
		{3A87BC2A-D16B-4B3D-AC4A-9C6CD62FDE0D} = {27034FA7-7093-4323-B11A-97EF9A97948F}
		{8E0246BC-9A2C-49E9-9776-86EC5A7F1AED} = {3AFC1BAB-89F8-4824-A88E-253E6B5A531D}
		{FC753CE2-62E6-46BD-874D-3E60F64D41CD} = {F7581B8B-E425-4C17-BA76-3D1BDF82CB60}
		{80EFD590-F073-4524-8528-C2330731A969} = {3AFC1BAB-89F8-4824-A88E-253E6B5A531D}
	EndGlobalSection
EndGlobal
